
Microsoft Visual Studio Solution File, Format Version 12.00
# Visual Studio Version 17
VisualStudioVersion = 17.13.35919.96 d17.13
MinimumVisualStudioVersion = 10.0.40219.1
Project("{FAE04EC0-301F-11D3-BF4B-00C04F79EFBC}") = "d_console_ef_modelfirst", "d_console_ef_modelfirst.csproj", "{A267B388-EB85-44F2-BA33-F1373754BD88}"
EndProject
Global
	GlobalSection(SolutionConfigurationPlatforms) = preSolution
		Debug|Any CPU = Debug|Any CPU
		Release|Any CPU = Release|Any CPU
	EndGlobalSection
	GlobalSection(ProjectConfigurationPlatforms) = postSolution
		{A267B388-EB85-44F2-BA33-F1373754BD88}.Debug|Any CPU.ActiveCfg = Debug|Any CPU
		{A267B388-EB85-44F2-BA33-F1373754BD88}.Debug|Any CPU.Build.0 = Debug|Any CPU
		{A267B388-EB85-44F2-BA33-F1373754BD88}.Release|Any CPU.ActiveCfg = Release|Any CPU
		{A267B388-EB85-44F2-BA33-F1373754BD88}.Release|Any CPU.Build.0 = Release|Any CPU
	EndGlobalSection
	GlobalSection(SolutionProperties) = preSolution
		HideSolutionNode = FALSE
	EndGlobalSection
	GlobalSection(ExtensibilityGlobals) = postSolution
		SolutionGuid = {5FE99F55-1982-471E-AB0B-F13E8F5CDD52}
	EndGlobalSection
EndGlobal
